github.com/haivision/srtgo v0.0.0-20220509140706-5ecc7b5ed023 h1:WlgKN+X6XxgHpsZT3UXEh1PN/WdlmxSrRL9w+JOOCNk=
github.com/haivision/srtgo v0.0.0-20220509140706-5ecc7b5ed023/go.mod h1:aTd4vOr9wtzkCbbocUFh6atlJy7H/iV5jhqEWlTdCdA=
github.com/mattn/go-pointer v0.0.1 h1:n+XhsuGeVO6MEAp7xyEukFINEa+Quek5psIR/ylA6o0=
github.com/mattn/go-pointer v0.0.1/go.mod h1:2zXcozF6qYGgmsG+SeTZz3oAbFLdD3OWqnUbNvJZAlc=
github.com/q191201771/lal v0.35.41 h1:HdLUhs6eJKD4MrEZj6X973sMIR1l/+m1aWXudQlhDUo=
github.com/q191201771/lal v0.35.41/go.mod h1:Z7iD3pgGKOY0eh+8MssoUXk7bb7FHUGQcBIbB7y/IRk=
github.com/q191201771/naza v0.30.8/go.mod h1:n+dpJjQSh90PxBwxBNuifOwQttywvSIN5TkWSSYCeBk=
github.com/q191201771/naza v0.30.11 h1:az4PkAAFMA2szF6eoVJXrnProgLHV41n3IRuQSaO6mQ=
github.com/q191201771/naza v0.30.11/go.mod h1:n+dpJjQSh90PxBwxBNuifOwQttywvSIN5TkWSSYCeBk=
github.com/satori/go.uuid v1.2.0 h1:0uYX9dsZ2yD7q2RtLRtPSdGDWzjeM3TbMJP9utgA0ww=
github.com/satori/go.uuid v1.2.0/go.mod h1:dA0hQrYB0VpLJoorglMZABFdXlWrHn1NEOzdhQKdks0=
github.com/yapingcat/gomedia v0.0.0-20230410110323-204c2a3f8bdb h1:bhXnPGXex1H7ErLe75c7AVap9QLhhtRrPO5dPok1Ccc=
github.com/yapingcat/gomedia v0.0.0-20230410110323-204c2a3f8bdb/go.mod h1:WSZ59bidJOO40JSJmLqlkBJrjZCtjbKKkygEMfzY/kc=
golang.org/x/sys v0.0.0-20200926100807-9d91bd62050c h1:38q6VNPWR010vN82/SB121GujZNIfAUb4YttE2rhGuc=
golang.org/x/sys v0.0.0-20200926100807-9d91bd62050c/go.mod h1:h1NjWce9XRLGQEsW7wpKNCjG9DtNlClVuFLEZdDNbEs=
gopkg.in/check.v1 v0.0.0-20161208181325-20d25e280405 h1:yhCVgyC4o1eVCa2tZl7eS0r+SDo693bJlVdllGtEeKM=
gopkg.in/check.v1 v0.0.0-20161208181325-20d25e280405/go.mod h1:Co6ibVJAznAaIkqp8huTwlJQCZ016jof/cbN4VW5Yz0=
